
Microsoft Visual Studio Solution File, Format Version 12.00
# Visual Studio Version 17
VisualStudioVersion = 17.3.32901.215
MinimumVisualStudioVersion = 10.0.40219.1
Project("{FAE04EC0-301F-11D3-BF4B-00C04F79EFBC}") = "jourCorrespondant", "jourCorrespondant\jourCorrespondant.csproj", "{F21F6FD9-0147-4D5F-8BAD-6C6EC1EC6D09}"
EndProject
Global
	GlobalSection(SolutionConfigurationPlatforms) = preSolution
		Debug|Any CPU = Debug|Any CPU
		Release|Any CPU = Release|Any CPU
	EndGlobalSection
	GlobalSection(ProjectConfigurationPlatforms) = postSolution
		{F21F6FD9-0147-4D5F-8BAD-6C6EC1EC6D09}.Debug|Any CPU.ActiveCfg = Debug|Any CPU
		{F21F6FD9-0147-4D5F-8BAD-6C6EC1EC6D09}.Debug|Any CPU.Build.0 = Debug|Any CPU
		{F21F6FD9-0147-4D5F-8BAD-6C6EC1EC6D09}.Release|Any CPU.ActiveCfg = Release|Any CPU
		{F21F6FD9-0147-4D5F-8BAD-6C6EC1EC6D09}.Release|Any CPU.Build.0 = Release|Any CPU
	EndGlobalSection
	GlobalSection(SolutionProperties) = preSolution
		HideSolutionNode = FALSE
	EndGlobalSection
	GlobalSection(ExtensibilityGlobals) = postSolution
		SolutionGuid = {5735EB1B-0C76-490F-A716-92F3E254D019}
	EndGlobalSection
EndGlobal
